
Microsoft Visual Studio Solution File, Format Version 12.00
# Visual Studio Version 17
VisualStudioVersion = 17.9.34728.123
MinimumVisualStudioVersion = 10.0.40219.1
Project("{FAE04EC0-301F-11D3-BF4B-00C04F79EFBC}") = "WireWorld", "WireWorld\WireWorld.csproj", "{2224850A-D855-4F28-8C8B-A45C96BFE613}"
EndProject
Global
	GlobalSection(SolutionConfigurationPlatforms) = preSolution
		Debug|Any CPU = Debug|Any CPU
		Release|Any CPU = Release|Any CPU
	EndGlobalSection
	GlobalSection(ProjectConfigurationPlatforms) = postSolution
		{2224850A-D855-4F28-8C8B-A45C96BFE613}.Debug|Any CPU.ActiveCfg = Debug|Any CPU
		{2224850A-D855-4F28-8C8B-A45C96BFE613}.Debug|Any CPU.Build.0 = Debug|Any CPU
		{2224850A-D855-4F28-8C8B-A45C96BFE613}.Release|Any CPU.ActiveCfg = Release|Any CPU
		{2224850A-D855-4F28-8C8B-A45C96BFE613}.Release|Any CPU.Build.0 = Release|Any CPU
	EndGlobalSection
	GlobalSection(SolutionProperties) = preSolution
		HideSolutionNode = FALSE
	EndGlobalSection
	GlobalSection(ExtensibilityGlobals) = postSolution
		SolutionGuid = {E616C43B-AA8B-4AA8-9548-F94A5AD1CD32}
	EndGlobalSection
EndGlobal
