
Microsoft Visual Studio Solution File, Format Version 12.00
# Visual Studio Version 17
VisualStudioVersion = 17.9.34728.123
MinimumVisualStudioVersion = 10.0.40219.1
Project("{FAE04EC0-301F-11D3-BF4B-00C04F79EFBC}") = "Lesy", "Lesy\Lesy.csproj", "{C5610AEA-4A82-4541-B203-EC8B7C5E0AC9}"
EndProject
Project("{FAE04EC0-301F-11D3-BF4B-00C04F79EFBC}") = "LesyTests", "LesyTests\LesyTests.csproj", "{1FFA37AD-444D-4DA9-B880-1EBB03E1C01C}"
EndProject
Global
	GlobalSection(SolutionConfigurationPlatforms) = preSolution
		Debug|Any CPU = Debug|Any CPU
		Release|Any CPU = Release|Any CPU
	EndGlobalSection
	GlobalSection(ProjectConfigurationPlatforms) = postSolution
		{C5610AEA-4A82-4541-B203-EC8B7C5E0AC9}.Debug|Any CPU.ActiveCfg = Debug|Any CPU
		{C5610AEA-4A82-4541-B203-EC8B7C5E0AC9}.Debug|Any CPU.Build.0 = Debug|Any CPU
		{C5610AEA-4A82-4541-B203-EC8B7C5E0AC9}.Release|Any CPU.ActiveCfg = Release|Any CPU
		{C5610AEA-4A82-4541-B203-EC8B7C5E0AC9}.Release|Any CPU.Build.0 = Release|Any CPU
		{1FFA37AD-444D-4DA9-B880-1EBB03E1C01C}.Debug|Any CPU.ActiveCfg = Debug|Any CPU
		{1FFA37AD-444D-4DA9-B880-1EBB03E1C01C}.Debug|Any CPU.Build.0 = Debug|Any CPU
		{1FFA37AD-444D-4DA9-B880-1EBB03E1C01C}.Release|Any CPU.ActiveCfg = Release|Any CPU
		{1FFA37AD-444D-4DA9-B880-1EBB03E1C01C}.Release|Any CPU.Build.0 = Release|Any CPU
	EndGlobalSection
	GlobalSection(SolutionProperties) = preSolution
		HideSolutionNode = FALSE
	EndGlobalSection
	GlobalSection(ExtensibilityGlobals) = postSolution
		SolutionGuid = {4BAD206E-E493-4A14-8A60-5C690D84346C}
	EndGlobalSection
EndGlobal
