
Microsoft Visual Studio Solution File, Format Version 12.00
# Visual Studio Version 17
VisualStudioVersion = 17.9.34728.123
MinimumVisualStudioVersion = 10.0.40219.1
Project("{FAE04EC0-301F-11D3-BF4B-00C04F79EFBC}") = "Dino", "Dino\Dino.csproj", "{AE7B9D62-8C22-494B-867C-C7A90BAE3AC6}"
EndProject
Global
	GlobalSection(SolutionConfigurationPlatforms) = preSolution
		Debug|Any CPU = Debug|Any CPU
		Release|Any CPU = Release|Any CPU
	EndGlobalSection
	GlobalSection(ProjectConfigurationPlatforms) = postSolution
		{AE7B9D62-8C22-494B-867C-C7A90BAE3AC6}.Debug|Any CPU.ActiveCfg = Debug|Any CPU
		{AE7B9D62-8C22-494B-867C-C7A90BAE3AC6}.Debug|Any CPU.Build.0 = Debug|Any CPU
		{AE7B9D62-8C22-494B-867C-C7A90BAE3AC6}.Release|Any CPU.ActiveCfg = Release|Any CPU
		{AE7B9D62-8C22-494B-867C-C7A90BAE3AC6}.Release|Any CPU.Build.0 = Release|Any CPU
	EndGlobalSection
	GlobalSection(SolutionProperties) = preSolution
		HideSolutionNode = FALSE
	EndGlobalSection
	GlobalSection(ExtensibilityGlobals) = postSolution
		SolutionGuid = {04E1734E-DB53-4275-9B01-07D3F7CF809D}
	EndGlobalSection
EndGlobal
